// !$*UTF8*$!
{
	archiveVersion = 1;
	classes = {
	};
	objectVersion = 46;
	objects = {

/* Begin PBXBuildFile section */
		C95238DF1BC03A9E0029A07F /* AppDelegate.swift in Sources */ = {isa = PBXBuildFile; fileRef = C95238DE1BC03A9E0029A07F /* AppDelegate.swift */; };
		C95238E11BC03A9E0029A07F /* ViewController.swift in Sources */ = {isa = PBXBuildFile; fileRef = C95238E01BC03A9E0029A07F /* ViewController.swift */; };
		C95238E41BC03A9E0029A07F /* Main.storyboard in Resources */ = {isa = PBXBuildFile; fileRef = C95238E21BC03A9E0029A07F /* Main.storyboard */; };
		C95238E61BC03A9E0029A07F /* Assets.xcassets in Resources */ = {isa = PBXBuildFile; fileRef = C95238E51BC03A9E0029A07F /* Assets.xcassets */; };
		C95238E91BC03A9E0029A07F /* LaunchScreen.storyboard in Resources */ = {isa = PBXBuildFile; fileRef = C95238E71BC03A9E0029A07F /* LaunchScreen.storyboard */; };
		C95238F41BC03A9E0029A07F /* makeItMoveTests.swift in Sources */ = {isa = PBXBuildFile; fileRef = C95238F31BC03A9E0029A07F /* makeItMoveTests.swift */; };
		C95238FF1BC03A9E0029A07F /* makeItMoveUITests.swift in Sources */ = {isa = PBXBuildFile; fileRef = C95238FE1BC03A9E0029A07F /* makeItMoveUITests.swift */; };
		C95239771BC03FB10029A07F /* Interface.storyboard in Resources */ = {isa = PBXBuildFile; fileRef = C95239751BC03FB10029A07F /* Interface.storyboard */; };
		C95239791BC03FB10029A07F /* Assets.xcassets in Resources */ = {isa = PBXBuildFile; fileRef = C95239781BC03FB10029A07F /* Assets.xcassets */; };
		C95239801BC03FB10029A07F /* makeItMoveWatch Extension.appex in Embed App Extensions */ = {isa = PBXBuildFile; fileRef = C952397F1BC03FB10029A07F /* makeItMoveWatch Extension.appex */; settings = {ATTRIBUTES = (RemoveHeadersOnCopy, ); }; };
		C95239871BC03FB10029A07F /* InterfaceController.swift in Sources */ = {isa = PBXBuildFile; fileRef = C95239861BC03FB10029A07F /* InterfaceController.swift */; };
		C95239891BC03FB10029A07F /* ExtensionDelegate.swift in Sources */ = {isa = PBXBuildFile; fileRef = C95239881BC03FB10029A07F /* ExtensionDelegate.swift */; };
		C952398B1BC03FB10029A07F /* NotificationController.swift in Sources */ = {isa = PBXBuildFile; fileRef = C952398A1BC03FB10029A07F /* NotificationController.swift */; };
		C952398D1BC03FB10029A07F /* Assets.xcassets in Resources */ = {isa = PBXBuildFile; fileRef = C952398C1BC03FB10029A07F /* Assets.xcassets */; };
		C95239911BC03FB10029A07F /* makeItMoveWatch.app in Embed Watch Content */ = {isa = PBXBuildFile; fileRef = C95239731BC03FB10029A07F /* makeItMoveWatch.app */; };
		C952399B1BC0608F0029A07F /* blockly.html in Resources */ = {isa = PBXBuildFile; fileRef = C952399A1BC0608F0029A07F /* blockly.html */; settings = {ASSET_TAGS = (); }; };
		C952399F1BC061580029A07F /* blockly in Resources */ = {isa = PBXBuildFile; fileRef = C952399E1BC061580029A07F /* blockly */; settings = {ASSET_TAGS = (); }; };
		C95239A11BC06F6C0029A07F /* rightLeft.html in Resources */ = {isa = PBXBuildFile; fileRef = C95239A01BC06F6C0029A07F /* rightLeft.html */; settings = {ASSET_TAGS = (); }; };
/* End PBXBuildFile section */

/* Begin PBXContainerItemProxy section */
		C95238F01BC03A9E0029A07F /* PBXContainerItemProxy */ = {
			isa = PBXContainerItemProxy;
			containerPortal = C95238D31BC03A9D0029A07F /* Project object */;
			proxyType = 1;
			remoteGlobalIDString = C95238DA1BC03A9D0029A07F;
			remoteInfo = makeItMove;
		};
		C95238FB1BC03A9E0029A07F /* PBXContainerItemProxy */ = {
			isa = PBXContainerItemProxy;
			containerPortal = C95238D31BC03A9D0029A07F /* Project object */;
			proxyType = 1;
			remoteGlobalIDString = C95238DA1BC03A9D0029A07F;
			remoteInfo = makeItMove;
		};
		C95239811BC03FB10029A07F /* PBXContainerItemProxy */ = {
			isa = PBXContainerItemProxy;
			containerPortal = C95238D31BC03A9D0029A07F /* Project object */;
			proxyType = 1;
			remoteGlobalIDString = C952397E1BC03FB10029A07F;
			remoteInfo = "makeItMoveWatch Extension";
		};
		C952398F1BC03FB10029A07F /* PBXContainerItemProxy */ = {
			isa = PBXContainerItemProxy;
			containerPortal = C95238D31BC03A9D0029A07F /* Project object */;
			proxyType = 1;
			remoteGlobalIDString = C95239721BC03FB10029A07F;
			remoteInfo = makeItMoveWatch;
		};
/* End PBXContainerItemProxy section */

/* Begin PBXCopyFilesBuildPhase section */
		C95239971BC03FB10029A07F /* Embed App Extensions */ = {
			isa = PBXCopyFilesBuildPhase;
			buildActionMask = 2147483647;
			dstPath = "";
			dstSubfolderSpec = 13;
			files = (
				C95239801BC03FB10029A07F /* makeItMoveWatch Extension.appex in Embed App Extensions */,
			);
			name = "Embed App Extensions";
			runOnlyForDeploymentPostprocessing = 0;
		};
		C95239991BC03FB10029A07F /* Embed Watch Content */ = {
			isa = PBXCopyFilesBuildPhase;
			buildActionMask = 2147483647;
			dstPath = "$(CONTENTS_FOLDER_PATH)/Watch";
			dstSubfolderSpec = 16;
			files = (
				C95239911BC03FB10029A07F /* makeItMoveWatch.app in Embed Watch Content */,
			);
			name = "Embed Watch Content";
			runOnlyForDeploymentPostprocessing = 0;
		};
/* End PBXCopyFilesBuildPhase section */

/* Begin PBXFileReference section */
		C95238DB1BC03A9E0029A07F /* makeItMove.app */ = {isa = PBXFileReference; explicitFileType = wrapper.application; includeInIndex = 0; path = makeItMove.app; sourceTree = BUILT_PRODUCTS_DIR; };
		C95238DE1BC03A9E0029A07F /* AppDelegate.swift */ = {isa = PBXFileReference; lastKnownFileType = sourcecode.swift; path = AppDelegate.swift; sourceTree = "<group>"; };
		C95238E01BC03A9E0029A07F /* ViewController.swift */ = {isa = PBXFileReference; lastKnownFileType = sourcecode.swift; path = ViewController.swift; sourceTree = "<group>"; };
		C95238E31BC03A9E0029A07F /* Base */ = {isa = PBXFileReference; lastKnownFileType = file.storyboard; name = Base; path = Base.lproj/Main.storyboard; sourceTree = "<group>"; };
		C95238E51BC03A9E0029A07F /* Assets.xcassets */ = {isa = PBXFileReference; lastKnownFileType = folder.assetcatalog; path = Assets.xcassets; sourceTree = "<group>"; };
		C95238E81BC03A9E0029A07F /* Base */ = {isa = PBXFileReference; lastKnownFileType = file.storyboard; name = Base; path = Base.lproj/LaunchScreen.storyboard; sourceTree = "<group>"; };
		C95238EA1BC03A9E0029A07F /* Info.plist */ = {isa = PBXFileReference; lastKnownFileType = text.plist.xml; path = Info.plist; sourceTree = "<group>"; };
		C95238EF1BC03A9E0029A07F /* makeItMoveTests.xctest */ = {isa = PBXFileReference; explicitFileType = wrapper.cfbundle; includeInIndex = 0; path = makeItMoveTests.xctest; sourceTree = BUILT_PRODUCTS_DIR; };
		C95238F31BC03A9E0029A07F /* makeItMoveTests.swift */ = {isa = PBXFileReference; lastKnownFileType = sourcecode.swift; path = makeItMoveTests.swift; sourceTree = "<group>"; };
		C95238F51BC03A9E0029A07F /* Info.plist */ = {isa = PBXFileReference; lastKnownFileType = text.plist.xml; path = Info.plist; sourceTree = "<group>"; };
		C95238FA1BC03A9E0029A07F /* makeItMoveUITests.xctest */ = {isa = PBXFileReference; explicitFileType = wrapper.cfbundle; includeInIndex = 0; path = makeItMoveUITests.xctest; sourceTree = BUILT_PRODUCTS_DIR; };
		C95238FE1BC03A9E0029A07F /* makeItMoveUITests.swift */ = {isa = PBXFileReference; lastKnownFileType = sourcecode.swift; path = makeItMoveUITests.swift; sourceTree = "<group>"; };
		C95239001BC03A9E0029A07F /* Info.plist */ = {isa = PBXFileReference; lastKnownFileType = text.plist.xml; path = Info.plist; sourceTree = "<group>"; };
		C95239731BC03FB10029A07F /* makeItMoveWatch.app */ = {isa = PBXFileReference; explicitFileType = wrapper.application; includeInIndex = 0; path = makeItMoveWatch.app; sourceTree = BUILT_PRODUCTS_DIR; };
		C95239761BC03FB10029A07F /* Base */ = {isa = PBXFileReference; lastKnownFileType = file.storyboard; name = Base; path = Base.lproj/Interface.storyboard; sourceTree = "<group>"; };
		C95239781BC03FB10029A07F /* Assets.xcassets */ = {isa = PBXFileReference; lastKnownFileType = folder.assetcatalog; path = Assets.xcassets; sourceTree = "<group>"; };
		C952397A1BC03FB10029A07F /* Info.plist */ = {isa = PBXFileReference; lastKnownFileType = text.plist.xml; path = Info.plist; sourceTree = "<group>"; };
		C952397F1BC03FB10029A07F /* makeItMoveWatch Extension.appex */ = {isa = PBXFileReference; explicitFileType = "wrapper.app-extension"; includeInIndex = 0; path = "makeItMoveWatch Extension.appex"; sourceTree = BUILT_PRODUCTS_DIR; };
		C95239851BC03FB10029A07F /* PushNotificationPayload.apns */ = {isa = PBXFileReference; lastKnownFileType = text; path = PushNotificationPayload.apns; sourceTree = "<group>"; };
		C95239861BC03FB10029A07F /* InterfaceController.swift */ = {isa = PBXFileReference; lastKnownFileType = sourcecode.swift; path = InterfaceController.swift; sourceTree = "<group>"; };
		C95239881BC03FB10029A07F /* ExtensionDelegate.swift */ = {isa = PBXFileReference; lastKnownFileType = sourcecode.swift; path = ExtensionDelegate.swift; sourceTree = "<group>"; };
		C952398A1BC03FB10029A07F /* NotificationController.swift */ = {isa = PBXFileReference; lastKnownFileType = sourcecode.swift; path = NotificationController.swift; sourceTree = "<group>"; };
		C952398C1BC03FB10029A07F /* Assets.xcassets */ = {isa = PBXFileReference; lastKnownFileType = folder.assetcatalog; path = Assets.xcassets; sourceTree = "<group>"; };
		C952398E1BC03FB10029A07F /* Info.plist */ = {isa = PBXFileReference; lastKnownFileType = text.plist.xml; path = Info.plist; sourceTree = "<group>"; };
		C952399A1BC0608F0029A07F /* blockly.html */ = {isa = PBXFileReference; fileEncoding = 4; lastKnownFileType = text.html; path = blockly.html; sourceTree = "<group>"; };
		C952399E1BC061580029A07F /* blockly */ = {isa = PBXFileReference; lastKnownFileType = folder; path = blockly; sourceTree = "<group>"; };
		C95239A01BC06F6C0029A07F /* rightLeft.html */ = {isa = PBXFileReference; fileEncoding = 4; lastKnownFileType = text.html; path = rightLeft.html; sourceTree = "<group>"; };
/* End PBXFileReference section */

/* Begin PBXFrameworksBuildPhase section */
		C95238D81BC03A9D0029A07F /* Frameworks */ = {
			isa = PBXFrameworksBuildPhase;
			buildActionMask = 2147483647;
			files = (
			);
			runOnlyForDeploymentPostprocessing = 0;
		};
		C95238EC1BC03A9E0029A07F /* Frameworks */ = {
			isa = PBXFrameworksBuildPhase;
			buildActionMask = 2147483647;
			files = (
			);
			runOnlyForDeploymentPostprocessing = 0;
		};
		C95238F71BC03A9E0029A07F /* Frameworks */ = {
			isa = PBXFrameworksBuildPhase;
			buildActionMask = 2147483647;
			files = (
			);
			runOnlyForDeploymentPostprocessing = 0;
		};
		C952397C1BC03FB10029A07F /* Frameworks */ = {
			isa = PBXFrameworksBuildPhase;
			buildActionMask = 2147483647;
			files = (
			);
			runOnlyForDeploymentPostprocessing = 0;
		};
/* End PBXFrameworksBuildPhase section */

/* Begin PBXGroup section */
		C95238D21BC03A9D0029A07F = {
			isa = PBXGroup;
			children = (
				C95238DD1BC03A9E0029A07F /* makeItMove */,
				C95238F21BC03A9E0029A07F /* makeItMoveTests */,
				C95238FD1BC03A9E0029A07F /* makeItMoveUITests */,
				C95239741BC03FB10029A07F /* makeItMoveWatch */,
				C95239831BC03FB10029A07F /* makeItMoveWatch Extension */,
				C95238DC1BC03A9E0029A07F /* Products */,
			);
			sourceTree = "<group>";
		};
		C95238DC1BC03A9E0029A07F /* Products */ = {
			isa = PBXGroup;
			children = (
				C95238DB1BC03A9E0029A07F /* makeItMove.app */,
				C95238EF1BC03A9E0029A07F /* makeItMoveTests.xctest */,
				C95238FA1BC03A9E0029A07F /* makeItMoveUITests.xctest */,
				C95239731BC03FB10029A07F /* makeItMoveWatch.app */,
				C952397F1BC03FB10029A07F /* makeItMoveWatch Extension.appex */,
			);
			name = Products;
			sourceTree = "<group>";
		};
		C95238DD1BC03A9E0029A07F /* makeItMove */ = {
			isa = PBXGroup;
			children = (
				C952399E1BC061580029A07F /* blockly */,
				C95239A01BC06F6C0029A07F /* rightLeft.html */,
				C952399A1BC0608F0029A07F /* blockly.html */,
				C95238DE1BC03A9E0029A07F /* AppDelegate.swift */,
				C95238E01BC03A9E0029A07F /* ViewController.swift */,
				C95238E21BC03A9E0029A07F /* Main.storyboard */,
				C95238E51BC03A9E0029A07F /* Assets.xcassets */,
				C95238E71BC03A9E0029A07F /* LaunchScreen.storyboard */,
				C95238EA1BC03A9E0029A07F /* Info.plist */,
			);
			path = makeItMove;
			sourceTree = "<group>";
		};
		C95238F21BC03A9E0029A07F /* makeItMoveTests */ = {
			isa = PBXGroup;
			children = (
				C95238F31BC03A9E0029A07F /* makeItMoveTests.swift */,
				C95238F51BC03A9E0029A07F /* Info.plist */,
			);
			path = makeItMoveTests;
			sourceTree = "<group>";
		};
		C95238FD1BC03A9E0029A07F /* makeItMoveUITests */ = {
			isa = PBXGroup;
			children = (
				C95238FE1BC03A9E0029A07F /* makeItMoveUITests.swift */,
				C95239001BC03A9E0029A07F /* Info.plist */,
			);
			path = makeItMoveUITests;
			sourceTree = "<group>";
		};
		C95239741BC03FB10029A07F /* makeItMoveWatch */ = {
			isa = PBXGroup;
			children = (
				C95239751BC03FB10029A07F /* Interface.storyboard */,
				C95239781BC03FB10029A07F /* Assets.xcassets */,
				C952397A1BC03FB10029A07F /* Info.plist */,
			);
			path = makeItMoveWatch;
			sourceTree = "<group>";
		};
		C95239831BC03FB10029A07F /* makeItMoveWatch Extension */ = {
			isa = PBXGroup;
			children = (
				C95239861BC03FB10029A07F /* InterfaceController.swift */,
				C95239881BC03FB10029A07F /* ExtensionDelegate.swift */,
				C952398A1BC03FB10029A07F /* NotificationController.swift */,
				C952398C1BC03FB10029A07F /* Assets.xcassets */,
				C952398E1BC03FB10029A07F /* Info.plist */,
				C95239841BC03FB10029A07F /* Supporting Files */,
			);
			path = "makeItMoveWatch Extension";
			sourceTree = "<group>";
		};
		C95239841BC03FB10029A07F /* Supporting Files */ = {
			isa = PBXGroup;
			children = (
				C95239851BC03FB10029A07F /* PushNotificationPayload.apns */,
			);
			name = "Supporting Files";
			sourceTree = "<group>";
		};
/* End PBXGroup section */

/* Begin PBXNativeTarget section */
		C95238DA1BC03A9D0029A07F /* makeItMove */ = {
			isa = PBXNativeTarget;
			buildConfigurationList = C95239031BC03A9E0029A07F /* Build configuration list for PBXNativeTarget "makeItMove" */;
			buildPhases = (
				C95238D71BC03A9D0029A07F /* Sources */,
				C95238D81BC03A9D0029A07F /* Frameworks */,
				C95238D91BC03A9D0029A07F /* Resources */,
				C95239991BC03FB10029A07F /* Embed Watch Content */,
			);
			buildRules = (
			);
			dependencies = (
				C95239901BC03FB10029A07F /* PBXTargetDependency */,
			);
			name = makeItMove;
			productName = makeItMove;
			productReference = C95238DB1BC03A9E0029A07F /* makeItMove.app */;
			productType = "com.apple.product-type.application";
		};
		C95238EE1BC03A9E0029A07F /* makeItMoveTests */ = {
			isa = PBXNativeTarget;
			buildConfigurationList = C95239061BC03A9E0029A07F /* Build configuration list for PBXNativeTarget "makeItMoveTests" */;
			buildPhases = (
				C95238EB1BC03A9E0029A07F /* Sources */,
				C95238EC1BC03A9E0029A07F /* Frameworks */,
				C95238ED1BC03A9E0029A07F /* Resources */,
			);
			buildRules = (
			);
			dependencies = (
				C95238F11BC03A9E0029A07F /* PBXTargetDependency */,
			);
			name = makeItMoveTests;
			productName = makeItMoveTests;
			productReference = C95238EF1BC03A9E0029A07F /* makeItMoveTests.xctest */;
			productType = "com.apple.product-type.bundle.unit-test";
		};
		C95238F91BC03A9E0029A07F /* makeItMoveUITests */ = {
			isa = PBXNativeTarget;
			buildConfigurationList = C95239091BC03A9E0029A07F /* Build configuration list for PBXNativeTarget "makeItMoveUITests" */;
			buildPhases = (
				C95238F61BC03A9E0029A07F /* Sources */,
				C95238F71BC03A9E0029A07F /* Frameworks */,
				C95238F81BC03A9E0029A07F /* Resources */,
			);
			buildRules = (
			);
			dependencies = (
				C95238FC1BC03A9E0029A07F /* PBXTargetDependency */,
			);
			name = makeItMoveUITests;
			productName = makeItMoveUITests;
			productReference = C95238FA1BC03A9E0029A07F /* makeItMoveUITests.xctest */;
			productType = "com.apple.product-type.bundle.ui-testing";
		};
		C95239721BC03FB10029A07F /* makeItMoveWatch */ = {
			isa = PBXNativeTarget;
			buildConfigurationList = C95239981BC03FB10029A07F /* Build configuration list for PBXNativeTarget "makeItMoveWatch" */;
			buildPhases = (
				C95239711BC03FB10029A07F /* Resources */,
				C95239971BC03FB10029A07F /* Embed App Extensions */,
			);
			buildRules = (
			);
			dependencies = (
				C95239821BC03FB10029A07F /* PBXTargetDependency */,
			);
			name = makeItMoveWatch;
			productName = makeItMoveWatch;
			productReference = C95239731BC03FB10029A07F /* makeItMoveWatch.app */;
			productType = "com.apple.product-type.application.watchapp2";
		};
		C952397E1BC03FB10029A07F /* makeItMoveWatch Extension */ = {
			isa = PBXNativeTarget;
			buildConfigurationList = C95239961BC03FB10029A07F /* Build configuration list for PBXNativeTarget "makeItMoveWatch Extension" */;
			buildPhases = (
				C952397B1BC03FB10029A07F /* Sources */,
				C952397C1BC03FB10029A07F /* Frameworks */,
				C952397D1BC03FB10029A07F /* Resources */,
			);
			buildRules = (
			);
			dependencies = (
			);
			name = "makeItMoveWatch Extension";
			productName = "makeItMoveWatch Extension";
			productReference = C952397F1BC03FB10029A07F /* makeItMoveWatch Extension.appex */;
			productType = "com.apple.product-type.watchkit2-extension";
		};
/* End PBXNativeTarget section */

/* Begin PBXProject section */
		C95238D31BC03A9D0029A07F /* Project object */ = {
			isa = PBXProject;
			attributes = {
				LastUpgradeCheck = 0700;
				ORGANIZATIONNAME = ystkyrgn;
				TargetAttributes = {
					C95238DA1BC03A9D0029A07F = {
						CreatedOnToolsVersion = 7.0.1;
						DevelopmentTeam = 5LK6BBY5Q4;
					};
					C95238EE1BC03A9E0029A07F = {
						CreatedOnToolsVersion = 7.0.1;
						TestTargetID = C95238DA1BC03A9D0029A07F;
					};
					C95238F91BC03A9E0029A07F = {
						CreatedOnToolsVersion = 7.0.1;
						TestTargetID = C95238DA1BC03A9D0029A07F;
					};
					C95239721BC03FB10029A07F = {
						CreatedOnToolsVersion = 7.0.1;
						DevelopmentTeam = 5LK6BBY5Q4;
					};
					C952397E1BC03FB10029A07F = {
						CreatedOnToolsVersion = 7.0.1;
					};
				};
			};
			buildConfigurationList = C95238D61BC03A9D0029A07F /* Build configuration list for PBXProject "makeItMove" */;
			compatibilityVersion = "Xcode 3.2";
			developmentRegion = English;
			hasScannedForEncodings = 0;
			knownRegions = (
				en,
				Base,
			);
			mainGroup = C95238D21BC03A9D0029A07F;
			productRefGroup = C95238DC1BC03A9E0029A07F /* Products */;
			projectDirPath = "";
			projectRoot = "";
			targets = (
				C95238DA1BC03A9D0029A07F /* makeItMove */,
				C95238EE1BC03A9E0029A07F /* makeItMoveTests */,
				C95238F91BC03A9E0029A07F /* makeItMoveUITests */,
				C95239721BC03FB10029A07F /* makeItMoveWatch */,
				C952397E1BC03FB10029A07F /* makeItMoveWatch Extension */,
			);
		};
/* End PBXProject section */

/* Begin PBXResourcesBuildPhase section */
		C95238D91BC03A9D0029A07F /* Resources */ = {
			isa = PBXResourcesBuildPhase;
			buildActionMask = 2147483647;
			files = (
				C95238E91BC03A9E0029A07F /* LaunchScreen.storyboard in Resources */,
				C95238E61BC03A9E0029A07F /* Assets.xcassets in Resources */,
				C95239A11BC06F6C0029A07F /* rightLeft.html in Resources */,
				C952399B1BC0608F0029A07F /* blockly.html in Resources */,
				C952399F1BC061580029A07F /* blockly in Resources */,
				C95238E41BC03A9E0029A07F /* Main.storyboard in Resources */,
			);
			runOnlyForDeploymentPostprocessing = 0;
		};
		C95238ED1BC03A9E0029A07F /* Resources */ = {
			isa = PBXResourcesBuildPhase;
			buildActionMask = 2147483647;
			files = (
			);
			runOnlyForDeploymentPostprocessing = 0;
		};
		C95238F81BC03A9E0029A07F /* Resources */ = {
			isa = PBXResourcesBuildPhase;
			buildActionMask = 2147483647;
			files = (
			);
			runOnlyForDeploymentPostprocessing = 0;
		};
		C95239711BC03FB10029A07F /* Resources */ = {
			isa = PBXResourcesBuildPhase;
			buildActionMask = 2147483647;
			files = (
				C95239791BC03FB10029A07F /* Assets.xcassets in Resources */,
				C95239771BC03FB10029A07F /* Interface.storyboard in Resources */,
			);
			runOnlyForDeploymentPostprocessing = 0;
		};
		C952397D1BC03FB10029A07F /* Resources */ = {
			isa = PBXResourcesBuildPhase;
			buildActionMask = 2147483647;
			files = (
				C952398D1BC03FB10029A07F /* Assets.xcassets in Resources */,
			);
			runOnlyForDeploymentPostprocessing = 0;
		};
/* End PBXResourcesBuildPhase section */

/* Begin PBXSourcesBuildPhase section */
		C95238D71BC03A9D0029A07F /* Sources */ = {
			isa = PBXSourcesBuildPhase;
			buildActionMask = 2147483647;
			files = (
				C95238E11BC03A9E0029A07F /* ViewController.swift in Sources */,
				C95238DF1BC03A9E0029A07F /* AppDelegate.swift in Sources */,
			);
			runOnlyForDeploymentPostprocessing = 0;
		};
		C95238EB1BC03A9E0029A07F /* Sources */ = {
			isa = PBXSourcesBuildPhase;
			buildActionMask = 2147483647;
			files = (
				C95238F41BC03A9E0029A07F /* makeItMoveTests.swift in Sources */,
			);
			runOnlyForDeploymentPostprocessing = 0;
		};
		C95238F61BC03A9E0029A07F /* Sources */ = {
			isa = PBXSourcesBuildPhase;
			buildActionMask = 2147483647;
			files = (
				C95238FF1BC03A9E0029A07F /* makeItMoveUITests.swift in Sources */,
			);
			runOnlyForDeploymentPostprocessing = 0;
		};
		C952397B1BC03FB10029A07F /* Sources */ = {
			isa = PBXSourcesBuildPhase;
			buildActionMask = 2147483647;
			files = (
				C952398B1BC03FB10029A07F /* NotificationController.swift in Sources */,
				C95239891BC03FB10029A07F /* ExtensionDelegate.swift in Sources */,
				C95239871BC03FB10029A07F /* InterfaceController.swift in Sources */,
			);
			runOnlyForDeploymentPostprocessing = 0;
		};
/* End PBXSourcesBuildPhase section */

/* Begin PBXTargetDependency section */
		C95238F11BC03A9E0029A07F /* PBXTargetDependency */ = {
			isa = PBXTargetDependency;
			target = C95238DA1BC03A9D0029A07F /* makeItMove */;
			targetProxy = C95238F01BC03A9E0029A07F /* PBXContainerItemProxy */;
		};
		C95238FC1BC03A9E0029A07F /* PBXTargetDependency */ = {
			isa = PBXTargetDependency;
			target = C95238DA1BC03A9D0029A07F /* makeItMove */;
			targetProxy = C95238FB1BC03A9E0029A07F /* PBXContainerItemProxy */;
		};
		C95239821BC03FB10029A07F /* PBXTargetDependency */ = {
			isa = PBXTargetDependency;
			target = C952397E1BC03FB10029A07F /* makeItMoveWatch Extension */;
			targetProxy = C95239811BC03FB10029A07F /* PBXContainerItemProxy */;
		};
		C95239901BC03FB10029A07F /* PBXTargetDependency */ = {
			isa = PBXTargetDependency;
			target = C95239721BC03FB10029A07F /* makeItMoveWatch */;
			targetProxy = C952398F1BC03FB10029A07F /* PBXContainerItemProxy */;
		};
/* End PBXTargetDependency section */

/* Begin PBXVariantGroup section */
		C95238E21BC03A9E0029A07F /* Main.storyboard */ = {
			isa = PBXVariantGroup;
			children = (
				C95238E31BC03A9E0029A07F /* Base */,
			);
			name = Main.storyboard;
			sourceTree = "<group>";
		};
		C95238E71BC03A9E0029A07F /* LaunchScreen.storyboard */ = {
			isa = PBXVariantGroup;
			children = (
				C95238E81BC03A9E0029A07F /* Base */,
			);
			name = LaunchScreen.storyboard;
			sourceTree = "<group>";
		};
		C95239751BC03FB10029A07F /* Interface.storyboard */ = {
			isa = PBXVariantGroup;
			children = (
				C95239761BC03FB10029A07F /* Base */,
			);
			name = Interface.storyboard;
			sourceTree = "<group>";
		};
/* End PBXVariantGroup section */

/* Begin XCBuildConfiguration section */
		C95239011BC03A9E0029A07F /* Debug */ = {
			isa = XCBuildConfiguration;
			buildSettings = {
				ALWAYS_SEARCH_USER_PATHS = NO;
				CLANG_CXX_LANGUAGE_STANDARD = "gnu++0x";
				CLANG_CXX_LIBRARY = "libc++";
				CLANG_ENABLE_MODULES = YES;
				CLANG_ENABLE_OBJC_ARC = YES;
				CLANG_WARN_BOOL_CONVERSION = YES;
				CLANG_WARN_CONSTANT_CONVERSION = YES;
				CLANG_WARN_DIRECT_OBJC_ISA_USAGE = YES_ERROR;
				CLANG_WARN_EMPTY_BODY = YES;
				CLANG_WARN_ENUM_CONVERSION = YES;
				CLANG_WARN_INT_CONVERSION = YES;
				CLANG_WARN_OBJC_ROOT_CLASS = YES_ERROR;
				CLANG_WARN_UNREACHABLE_CODE = YES;
				CLANG_WARN__DUPLICATE_METHOD_MATCH = YES;
				"CODE_SIGN_IDENTITY[sdk=iphoneos*]" = "iPhone Developer";
				COPY_PHASE_STRIP = NO;
				DEBUG_INFORMATION_FORMAT = dwarf;
				ENABLE_STRICT_OBJC_MSGSEND = YES;
				ENABLE_TESTABILITY = YES;
				GCC_C_LANGUAGE_STANDARD = gnu99;
				GCC_DYNAMIC_NO_PIC = NO;
				GCC_NO_COMMON_BLOCKS = YES;
				GCC_OPTIMIZATION_LEVEL = 0;
				GCC_PREPROCESSOR_DEFINITIONS = (
					"DEBUG=1",
					"$(inherited)",
				);
				GCC_WARN_64_TO_32_BIT_CONVERSION = YES;
				GCC_WARN_ABOUT_RETURN_TYPE = YES_ERROR;
				GCC_WARN_UNDECLARED_SELECTOR = YES;
				GCC_WARN_UNINITIALIZED_AUTOS = YES_AGGRESSIVE;
				GCC_WARN_UNUSED_FUNCTION = YES;
				GCC_WARN_UNUSED_VARIABLE = YES;
				IPHONEOS_DEPLOYMENT_TARGET = 9.0;
				MTL_ENABLE_DEBUG_INFO = YES;
				ONLY_ACTIVE_ARCH = YES;
				SDKROOT = iphoneos;
				SWIFT_OPTIMIZATION_LEVEL = "-Onone";
				TARGETED_DEVICE_FAMILY = "1,2";
			};
			name = Debug;
		};
		C95239021BC03A9E0029A07F /* Release */ = {
			isa = XCBuildConfiguration;
			buildSettings = {
				ALWAYS_SEARCH_USER_PATHS = NO;
				CLANG_CXX_LANGUAGE_STANDARD = "gnu++0x";
				CLANG_CXX_LIBRARY = "libc++";
				CLANG_ENABLE_MODULES = YES;
				CLANG_ENABLE_OBJC_ARC = YES;
				CLANG_WARN_BOOL_CONVERSION = YES;
				CLANG_WARN_CONSTANT_CONVERSION = YES;
				CLANG_WARN_DIRECT_OBJC_ISA_USAGE = YES_ERROR;
				CLANG_WARN_EMPTY_BODY = YES;
				CLANG_WARN_ENUM_CONVERSION = YES;
				CLANG_WARN_INT_CONVERSION = YES;
				CLANG_WARN_OBJC_ROOT_CLASS = YES_ERROR;
				CLANG_WARN_UNREACHABLE_CODE = YES;
				CLANG_WARN__DUPLICATE_METHOD_MATCH = YES;
				"CODE_SIGN_IDENTITY[sdk=iphoneos*]" = "iPhone Developer";
				COPY_PHASE_STRIP = NO;
				DEBUG_INFORMATION_FORMAT = "dwarf-with-dsym";
				ENABLE_NS_ASSERTIONS = NO;
				ENABLE_STRICT_OBJC_MSGSEND = YES;
				GCC_C_LANGUAGE_STANDARD = gnu99;
				GCC_NO_COMMON_BLOCKS = YES;
				GCC_WARN_64_TO_32_BIT_CONVERSION = YES;
				GCC_WARN_ABOUT_RETURN_TYPE = YES_ERROR;
				GCC_WARN_UNDECLARED_SELECTOR = YES;
				GCC_WARN_UNINITIALIZED_AUTOS = YES_AGGRESSIVE;
				GCC_WARN_UNUSED_FUNCTION = YES;
				GCC_WARN_UNUSED_VARIABLE = YES;
				IPHONEOS_DEPLOYMENT_TARGET = 9.0;
				MTL_ENABLE_DEBUG_INFO = NO;
				SDKROOT = iphoneos;
				TARGETED_DEVICE_FAMILY = "1,2";
				VALIDATE_PRODUCT = YES;
			};
			name = Release;
		};
		C95239041BC03A9E0029A07F /* Debug */ = {
			isa = XCBuildConfiguration;
			buildSettings = {
				ASSETCATALOG_COMPILER_APPICON_NAME = AppIcon;
				CODE_SIGN_IDENTITY = "iPhone Developer";
				"CODE_SIGN_IDENTITY[sdk=iphoneos*]" = "iPhone Developer";
				INFOPLIST_FILE = makeItMove/Info.plist;
				LD_RUNPATH_SEARCH_PATHS = "$(inherited) @executable_path/Frameworks";
				PRODUCT_BUNDLE_IDENTIFIER = YSTK.makeItMove;
				PRODUCT_NAME = "$(TARGET_NAME)";
				PROVISIONING_PROFILE = "";
			};
			name = Debug;
		};
		C95239051BC03A9E0029A07F /* Release */ = {
			isa = XCBuildConfiguration;
			buildSettings = {
				ASSETCATALOG_COMPILER_APPICON_NAME = AppIcon;
				CODE_SIGN_IDENTITY = "iPhone Developer";
				"CODE_SIGN_IDENTITY[sdk=iphoneos*]" = "iPhone Developer";
				INFOPLIST_FILE = makeItMove/Info.plist;
				LD_RUNPATH_SEARCH_PATHS = "$(inherited) @executable_path/Frameworks";
				PRODUCT_BUNDLE_IDENTIFIER = YSTK.makeItMove;
				PRODUCT_NAME = "$(TARGET_NAME)";
				PROVISIONING_PROFILE = "";
			};
			name = Release;
		};
		C95239071BC03A9E0029A07F /* Debug */ = {
			isa = XCBuildConfiguration;
			buildSettings = {
				BUNDLE_LOADER = "$(TEST_HOST)";
				INFOPLIST_FILE = makeItMoveTests/Info.plist;
				LD_RUNPATH_SEARCH_PATHS = "$(inherited) @executable_path/Frameworks @loader_path/Frameworks";
				PRODUCT_BUNDLE_IDENTIFIER = YSTK.makeItMoveTests;
				PRODUCT_NAME = "$(TARGET_NAME)";
				TEST_HOST = "$(BUILT_PRODUCTS_DIR)/makeItMove.app/makeItMove";
			};
			name = Debug;
		};
		C95239081BC03A9E0029A07F /* Release */ = {
			isa = XCBuildConfiguration;
			buildSettings = {
				BUNDLE_LOADER = "$(TEST_HOST)";
				INFOPLIST_FILE = makeItMoveTests/Info.plist;
				LD_RUNPATH_SEARCH_PATHS = "$(inherited) @executable_path/Frameworks @loader_path/Frameworks";
				PRODUCT_BUNDLE_IDENTIFIER = YSTK.makeItMoveTests;
				PRODUCT_NAME = "$(TARGET_NAME)";
				TEST_HOST = "$(BUILT_PRODUCTS_DIR)/makeItMove.app/makeItMove";
			};
			name = Release;
		};
		C952390A1BC03A9E0029A07F /* Debug */ = {
			isa = XCBuildConfiguration;
			buildSettings = {
				INFOPLIST_FILE = makeItMoveUITests/Info.plist;
				LD_RUNPATH_SEARCH_PATHS = "$(inherited) @executable_path/Frameworks @loader_path/Frameworks";
				PRODUCT_BUNDLE_IDENTIFIER = YSTK.makeItMoveUITests;
				PRODUCT_NAME = "$(TARGET_NAME)";
				TEST_TARGET_NAME = makeItMove;
				USES_XCTRUNNER = YES;
			};
			name = Debug;
		};
		C952390B1BC03A9E0029A07F /* Release */ = {
			isa = XCBuildConfiguration;
			buildSettings = {
				INFOPLIST_FILE = makeItMoveUITests/Info.plist;
				LD_RUNPATH_SEARCH_PATHS = "$(inherited) @executable_path/Frameworks @loader_path/Frameworks";
				PRODUCT_BUNDLE_IDENTIFIER = YSTK.makeItMoveUITests;
				PRODUCT_NAME = "$(TARGET_NAME)";
				TEST_TARGET_NAME = makeItMove;
				USES_XCTRUNNER = YES;
			};
			name = Release;
		};
		C95239921BC03FB10029A07F /* Debug */ = {
			isa = XCBuildConfiguration;
			buildSettings = {
				ASSETCATALOG_COMPILER_APPICON_NAME = AppIcon;
				CODE_SIGN_IDENTITY = "iPhone Developer";
				"CODE_SIGN_IDENTITY[sdk=iphoneos*]" = "iPhone Developer";
				EMBEDDED_CONTENT_CONTAINS_SWIFT = YES;
				IBSC_MODULE = makeItMoveWatch_Extension;
				INFOPLIST_FILE = makeItMoveWatch/Info.plist;
				PRODUCT_BUNDLE_IDENTIFIER = YSTK.makeItMove.watchkitapp;
				PRODUCT_NAME = "$(TARGET_NAME)";
				SDKROOT = watchos;
				SKIP_INSTALL = YES;
				TARGETED_DEVICE_FAMILY = 4;
				WATCHOS_DEPLOYMENT_TARGET = 2.0;
			};
			name = Debug;
		};
		C95239931BC03FB10029A07F /* Release */ = {
			isa = XCBuildConfiguration;
			buildSettings = {
				ASSETCATALOG_COMPILER_APPICON_NAME = AppIcon;
				CODE_SIGN_IDENTITY = "iPhone Developer";
				"CODE_SIGN_IDENTITY[sdk=iphoneos*]" = "iPhone Developer";
				EMBEDDED_CONTENT_CONTAINS_SWIFT = YES;
				IBSC_MODULE = makeItMoveWatch_Extension;
				INFOPLIST_FILE = makeItMoveWatch/Info.plist;
				PRODUCT_BUNDLE_IDENTIFIER = YSTK.makeItMove.watchkitapp;
				PRODUCT_NAME = "$(TARGET_NAME)";
				SDKROOT = watchos;
				SKIP_INSTALL = YES;
				TARGETED_DEVICE_FAMILY = 4;
				WATCHOS_DEPLOYMENT_TARGET = 2.0;
			};
			name = Release;
		};
		C95239941BC03FB10029A07F /* Debug */ = {
			isa = XCBuildConfiguration;
			buildSettings = {
				INFOPLIST_FILE = "makeItMoveWatch Extension/Info.plist";
				LD_RUNPATH_SEARCH_PATHS = "$(inherited) @executable_path/Frameworks @executable_path/../../Frameworks";
				PRODUCT_BUNDLE_IDENTIFIER = YSTK.makeItMove.watchkitapp.watchkitextension;
				PRODUCT_NAME = "${TARGET_NAME}";
				SDKROOT = watchos;
				SKIP_INSTALL = YES;
				TARGETED_DEVICE_FAMILY = 4;
				WATCHOS_DEPLOYMENT_TARGET = 2.0;
			};
			name = Debug;
		};
		C95239951BC03FB10029A07F /* Release */ = {
			isa = XCBuildConfiguration;
			buildSettings = {
				INFOPLIST_FILE = "makeItMoveWatch Extension/Info.plist";
				LD_RUNPATH_SEARCH_PATHS = "$(inherited) @executable_path/Frameworks @executable_path/../../Frameworks";
				PRODUCT_BUNDLE_IDENTIFIER = YSTK.makeItMove.watchkitapp.watchkitextension;
				PRODUCT_NAME = "${TARGET_NAME}";
				SDKROOT = watchos;
				SKIP_INSTALL = YES;
				TARGETED_DEVICE_FAMILY = 4;
				WATCHOS_DEPLOYMENT_TARGET = 2.0;
			};
			name = Release;
		};
/* End XCBuildConfiguration section */

/* Begin XCConfigurationList section */
		C95238D61BC03A9D0029A07F /* Build configuration list for PBXProject "makeItMove" */ = {
			isa = XCConfigurationList;
			buildConfigurations = (
				C95239011BC03A9E0029A07F /* Debug */,
				C95239021BC03A9E0029A07F /* Release */,
			);
			defaultConfigurationIsVisible = 0;
			defaultConfigurationName = Release;
		};
		C95239031BC03A9E0029A07F /* Build configuration list for PBXNativeTarget "makeItMove" */ = {
			isa = XCConfigurationList;
			buildConfigurations = (
				C95239041BC03A9E0029A07F /* Debug */,
				C95239051BC03A9E0029A07F /* Release */,
			);
			defaultConfigurationIsVisible = 0;
			defaultConfigurationName = Release;
		};
		C95239061BC03A9E0029A07F /* Build configuration list for PBXNativeTarget "makeItMoveTests" */ = {
			isa = XCConfigurationList;
			buildConfigurations = (
				C95239071BC03A9E0029A07F /* Debug */,
				C95239081BC03A9E0029A07F /* Release */,
			);
			defaultConfigurationIsVisible = 0;
			defaultConfigurationName = Release;
		};
		C95239091BC03A9E0029A07F /* Build configuration list for PBXNativeTarget "makeItMoveUITests" */ = {
			isa = XCConfigurationList;
			buildConfigurations = (
				C952390A1BC03A9E0029A07F /* Debug */,
				C952390B1BC03A9E0029A07F /* Release */,
			);
			defaultConfigurationIsVisible = 0;
			defaultConfigurationName = Release;
		};
		C95239961BC03FB10029A07F /* Build configuration list for PBXNativeTarget "makeItMoveWatch Extension" */ = {
			isa = XCConfigurationList;
			buildConfigurations = (
				C95239941BC03FB10029A07F /* Debug */,
				C95239951BC03FB10029A07F /* Release */,
			);
			defaultConfigurationIsVisible = 0;
			defaultConfigurationName = Release;
		};
		C95239981BC03FB10029A07F /* Build configuration list for PBXNativeTarget "makeItMoveWatch" */ = {
			isa = XCConfigurationList;
			buildConfigurations = (
				C95239921BC03FB10029A07F /* Debug */,
				C95239931BC03FB10029A07F /* Release */,
			);
			defaultConfigurationIsVisible = 0;
			defaultConfigurationName = Release;
		};
/* End XCConfigurationList section */
	};
	rootObject = C95238D31BC03A9D0029A07F /* Project object */;
}
